
Microsoft Visual Studio Solution File, Format Version 12.00
# Visual Studio Version 17
VisualStudioVersion = 17.7.34202.233
MinimumVisualStudioVersion = 10.0.40219.1
Project("{9A19103F-16F7-4668-BE54-9A1E7A4F7556}") = "Startup", "Startup\Startup.csproj", "{B2717028-4342-40D5-A67D-F3688E3907A4}"
EndProject
Project("{9A19103F-16F7-4668-BE54-9A1E7A4F7556}") = "Domain", "Domain\Domain.csproj", "{CBF670AB-6DB7-490F-83A6-B140083FF1F5}"
EndProject
Global
	GlobalSection(SolutionConfigurationPlatforms) = preSolution
		Debug|Any CPU = Debug|Any CPU
		Release|Any CPU = Release|Any CPU
	EndGlobalSection
	GlobalSection(ProjectConfigurationPlatforms) = postSolution
		{B2717028-4342-40D5-A67D-F3688E3907A4}.Debug|Any CPU.ActiveCfg = Debug|Any CPU
		{B2717028-4342-40D5-A67D-F3688E3907A4}.Debug|Any CPU.Build.0 = Debug|Any CPU
		{B2717028-4342-40D5-A67D-F3688E3907A4}.Release|Any CPU.ActiveCfg = Release|Any CPU
		{B2717028-4342-40D5-A67D-F3688E3907A4}.Release|Any CPU.Build.0 = Release|Any CPU
		{CBF670AB-6DB7-490F-83A6-B140083FF1F5}.Debug|Any CPU.ActiveCfg = Debug|Any CPU
		{CBF670AB-6DB7-490F-83A6-B140083FF1F5}.Debug|Any CPU.Build.0 = Debug|Any CPU
		{CBF670AB-6DB7-490F-83A6-B140083FF1F5}.Release|Any CPU.ActiveCfg = Release|Any CPU
		{CBF670AB-6DB7-490F-83A6-B140083FF1F5}.Release|Any CPU.Build.0 = Release|Any CPU
	EndGlobalSection
	GlobalSection(SolutionProperties) = preSolution
		HideSolutionNode = FALSE
	EndGlobalSection
	GlobalSection(ExtensibilityGlobals) = postSolution
		SolutionGuid = {9D1A21D8-2899-472A-801D-69CEBCB0B515}
	EndGlobalSection
EndGlobal
